
Microsoft Visual Studio Solution File, Format Version 12.00
# Visual Studio Version 16
VisualStudioVersion = 16.0.31424.327
MinimumVisualStudioVersion = 10.0.40219.1
Project("{FAE04EC0-301F-11D3-BF4B-00C04F79EFBC}") = "GeosWorldBuilder", "GeosWorldBuilder\GeosWorldBuilder.csproj", "{C22BEC13-616B-442D-A04A-8EBF754C7F01}"
EndProject
Global
	GlobalSection(SolutionConfigurationPlatforms) = preSolution
		Debug|Any CPU = Debug|Any CPU
		Release|Any CPU = Release|Any CPU
	EndGlobalSection
	GlobalSection(ProjectConfigurationPlatforms) = postSolution
		{C22BEC13-616B-442D-A04A-8EBF754C7F01}.Debug|Any CPU.ActiveCfg = Debug|Any CPU
		{C22BEC13-616B-442D-A04A-8EBF754C7F01}.Debug|Any CPU.Build.0 = Debug|Any CPU
		{C22BEC13-616B-442D-A04A-8EBF754C7F01}.Release|Any CPU.ActiveCfg = Release|Any CPU
		{C22BEC13-616B-442D-A04A-8EBF754C7F01}.Release|Any CPU.Build.0 = Release|Any CPU
	EndGlobalSection
	GlobalSection(SolutionProperties) = preSolution
		HideSolutionNode = FALSE
	EndGlobalSection
	GlobalSection(ExtensibilityGlobals) = postSolution
		SolutionGuid = {9B8937C4-77DD-4B22-B0CE-6B96F0342A0F}
	EndGlobalSection
EndGlobal
